
Microsoft Visual Studio Solution File, Format Version 12.00
# Visual Studio Version 17
VisualStudioVersion = 17.5.002.0
MinimumVisualStudioVersion = 10.0.40219.1
Project("{9A19103F-16F7-4668-BE54-9A1E7A4F7556}") = "Catalog_API", "Catalog_API.csproj", "{4BB37CB8-ECF5-457D-8CB0-CFA9FC2EAD75}"
EndProject
Global
	GlobalSection(SolutionConfigurationPlatforms) = preSolution
		Debug|Any CPU = Debug|Any CPU
		Release|Any CPU = Release|Any CPU
	EndGlobalSection
	GlobalSection(ProjectConfigurationPlatforms) = postSolution
		{4BB37CB8-ECF5-457D-8CB0-CFA9FC2EAD75}.Debug|Any CPU.ActiveCfg = Debug|Any CPU
		{4BB37CB8-ECF5-457D-8CB0-CFA9FC2EAD75}.Debug|Any CPU.Build.0 = Debug|Any CPU
		{4BB37CB8-ECF5-457D-8CB0-CFA9FC2EAD75}.Release|Any CPU.ActiveCfg = Release|Any CPU
		{4BB37CB8-ECF5-457D-8CB0-CFA9FC2EAD75}.Release|Any CPU.Build.0 = Release|Any CPU
	EndGlobalSection
	GlobalSection(SolutionProperties) = preSolution
		HideSolutionNode = FALSE
	EndGlobalSection
	GlobalSection(ExtensibilityGlobals) = postSolution
		SolutionGuid = {1CF4F6C5-6126-48E6-A51F-1EBE47F27C5F}
	EndGlobalSection
EndGlobal
